
Microsoft Visual Studio Solution File, Format Version 12.00
# Visual Studio Version 16
VisualStudioVersion = 16.0.29411.108
MinimumVisualStudioVersion = 10.0.40219.1
Project("{F2A71F9B-5D33-465A-A702-920D77279786}") = "DeleteNodeModules", "DeleteNodeModules\DeleteNodeModules.fsproj", "{DAF04591-1D24-4593-A107-C4ED2109707C}"
EndProject
Global
	GlobalSection(SolutionConfigurationPlatforms) = preSolution
		Debug|Any CPU = Debug|Any CPU
		Release|Any CPU = Release|Any CPU
	EndGlobalSection
	GlobalSection(ProjectConfigurationPlatforms) = postSolution
		{DAF04591-1D24-4593-A107-C4ED2109707C}.Debug|Any CPU.ActiveCfg = Debug|Any CPU
		{DAF04591-1D24-4593-A107-C4ED2109707C}.Debug|Any CPU.Build.0 = Debug|Any CPU
		{DAF04591-1D24-4593-A107-C4ED2109707C}.Release|Any CPU.ActiveCfg = Release|Any CPU
		{DAF04591-1D24-4593-A107-C4ED2109707C}.Release|Any CPU.Build.0 = Release|Any CPU
	EndGlobalSection
	GlobalSection(SolutionProperties) = preSolution
		HideSolutionNode = FALSE
	EndGlobalSection
	GlobalSection(ExtensibilityGlobals) = postSolution
		SolutionGuid = {82EBF0E0-F44F-4AF8-A9C2-1E417A62FC9A}
	EndGlobalSection
EndGlobal
